PODS:
  - Capacitor (8.2.0):
    - CapacitorCordova
  - CapacitorCordova (8.2.0)
  - CapacitorStatusBar (8.0.1):
    - Capacitor

DEPENDENCIES:
  - "Capacitor (from `../../node_modules/@capacitor/ios`)"
  - "CapacitorCordova (from `../../node_modules/@capacitor/ios`)"
  - "CapacitorStatusBar (from `../../node_modules/@capacitor/status-bar`)"

EXTERNAL SOURCES:
  Capacitor:
    :path: "../../node_modules/@capacitor/ios"
  CapacitorCordova:
    :path: "../../node_modules/@capacitor/ios"
  CapacitorStatusBar:
    :path: "../../node_modules/@capacitor/status-bar"

SPEC CHECKSUMS:
  Capacitor: 49a454e1cdbd520bc106a220adca7913536a4933
  CapacitorCordova: a9ac88d84a1f5280f33b349fe50fce1902683ac0
  CapacitorStatusBar: 32206abd53b14f339763da26f71286deaa891e16

PODFILE CHECKSUM: b8239502417583bc3d53a1009b57c626158097b2

COCOAPODS: 1.16.2
